
Microsoft Visual Studio Solution File, Format Version 12.00
# Visual Studio 15
VisualStudioVersion = 15.0.28307.421
MinimumVisualStudioVersion = 10.0.40219.1
Project("{8BC9CEB8-8B4A-11D0-8D11-00A0C91BC942}") = "minimum value in array", "minimum value in array\minimum value in array.vcxproj", "{BC2995D7-E8B4-4A49-9359-C47812727BBE}"
EndProject
Global
	GlobalSection(SolutionConfigurationPlatforms) = preSolution
		Debug|x64 = Debug|x64
		Debug|x86 = Debug|x86
		Release|x64 = Release|x64
		Release|x86 = Release|x86
	EndGlobalSection
	GlobalSection(ProjectConfigurationPlatforms) = postSolution
		{BC2995D7-E8B4-4A49-9359-C47812727BBE}.Debug|x64.ActiveCfg = Debug|x64
		{BC2995D7-E8B4-4A49-9359-C47812727BBE}.Debug|x64.Build.0 = Debug|x64
		{BC2995D7-E8B4-4A49-9359-C47812727BBE}.Debug|x86.ActiveCfg = Debug|Win32
		{BC2995D7-E8B4-4A49-9359-C47812727BBE}.Debug|x86.Build.0 = Debug|Win32
		{BC2995D7-E8B4-4A49-9359-C47812727BBE}.Release|x64.ActiveCfg = Release|x64
		{BC2995D7-E8B4-4A49-9359-C47812727BBE}.Release|x64.Build.0 = Release|x64
		{BC2995D7-E8B4-4A49-9359-C47812727BBE}.Release|x86.ActiveCfg = Release|Win32
		{BC2995D7-E8B4-4A49-9359-C47812727BBE}.Release|x86.Build.0 = Release|Win32
	EndGlobalSection
	GlobalSection(SolutionProperties) = preSolution
		HideSolutionNode = FALSE
	EndGlobalSection
	GlobalSection(ExtensibilityGlobals) = postSolution
		SolutionGuid = {22E7E84E-0842-4EBC-8287-FEE6D9EA70B5}
	EndGlobalSection
EndGlobal
